// !$*UTF8*$!
{
	archiveVersion = 1;
	classes = {
	};
	objectVersion = 50;
	objects = {

/* Begin PBXBuildFile section */
		57AB261920DA5562008EE523 /* en.plist in Resources */ = {isa = PBXBuildFile; fileRef = 57AB261820DA5562008EE523 /* en.plist */; };
		57AE823620D9074300A5AC04 /* AppDelegate.m in Sources */ = {isa = PBXBuildFile; fileRef = 57AE823520D9074300A5AC04 /* AppDelegate.m */; };
		57AE823920D9074300A5AC04 /* ViewController.m in Sources */ = {isa = PBXBuildFile; fileRef = 57AE823820D9074300A5AC04 /* ViewController.m */; };
		57AE823C20D9074300A5AC04 /* Main.storyboard in Resources */ = {isa = PBXBuildFile; fileRef = 57AE823A20D9074300A5AC04 /* Main.storyboard */; };
		57AE823E20D9074400A5AC04 /* Assets.xcassets in Resources */ = {isa = PBXBuildFile; fileRef = 57AE823D20D9074400A5AC04 /* Assets.xcassets */; };
		57AE824120D9074400A5AC04 /* LaunchScreen.storyboard in Resources */ = {isa = PBXBuildFile; fileRef = 57AE823F20D9074400A5AC04 /* LaunchScreen.storyboard */; };
		57AE824420D9074500A5AC04 /* main.m in Sources */ = {isa = PBXBuildFile; fileRef = 57AE824320D9074500A5AC04 /* main.m */; };
/* End PBXBuildFile section */

/* Begin PBXFileReference section */
		57AB261820DA5562008EE523 /* en.plist */ = {isa = PBXFileReference; lastKnownFileType = text.plist.xml; path = en.plist; sourceTree = "<group>"; };
		57AE823120D9074300A5AC04 /* AutoSignature.app */ = {isa = PBXFileReference; explicitFileType = wrapper.application; includeInIndex = 0; path = AutoSignature.app; sourceTree = BUILT_PRODUCTS_DIR; };
		57AE823420D9074300A5AC04 /* AppDelegate.h */ = {isa = PBXFileReference; lastKnownFileType = sourcecode.c.h; path = AppDelegate.h; sourceTree = "<group>"; };
		57AE823520D9074300A5AC04 /* AppDelegate.m */ = {isa = PBXFileReference; lastKnownFileType = sourcecode.c.objc; path = AppDelegate.m; sourceTree = "<group>"; };
		57AE823720D9074300A5AC04 /* ViewController.h */ = {isa = PBXFileReference; lastKnownFileType = sourcecode.c.h; path = ViewController.h; sourceTree = "<group>"; };
		57AE823820D9074300A5AC04 /* ViewController.m */ = {isa = PBXFileReference; lastKnownFileType = sourcecode.c.objc; path = ViewController.m; sourceTree = "<group>"; };
		57AE823B20D9074300A5AC04 /* Base */ = {isa = PBXFileReference; lastKnownFileType = file.storyboard; name = Base; path = Base.lproj/Main.storyboard; sourceTree = "<group>"; };
		57AE823D20D9074400A5AC04 /* Assets.xcassets */ = {isa = PBXFileReference; lastKnownFileType = folder.assetcatalog; path = Assets.xcassets; sourceTree = "<group>"; };
		57AE824020D9074400A5AC04 /* Base */ = {isa = PBXFileReference; lastKnownFileType = file.storyboard; name = Base; path = Base.lproj/LaunchScreen.storyboard; sourceTree = "<group>"; };
		57AE824220D9074500A5AC04 /* Info.plist */ = {isa = PBXFileReference; lastKnownFileType = text.plist.xml; path = Info.plist; sourceTree = "<group>"; };
		57AE824320D9074500A5AC04 /* main.m */ = {isa = PBXFileReference; lastKnownFileType = sourcecode.c.objc; path = main.m; sourceTree = "<group>"; };
/* End PBXFileReference section */

/* Begin PBXFrameworksBuildPhase section */
		57AE822E20D9074300A5AC04 /* Frameworks */ = {
			isa = PBXFrameworksBuildPhase;
			buildActionMask = 2147483647;
			files = (
			);
			runOnlyForDeploymentPostprocessing = 0;
		};
/* End PBXFrameworksBuildPhase section */

/* Begin PBXGroup section */
		57AE822820D9074300A5AC04 = {
			isa = PBXGroup;
			children = (
				57AE823320D9074300A5AC04 /* AutoSignature */,
				57AE823220D9074300A5AC04 /* Products */,
			);
			sourceTree = "<group>";
		};
		57AE823220D9074300A5AC04 /* Products */ = {
			isa = PBXGroup;
			children = (
				57AE823120D9074300A5AC04 /* AutoSignature.app */,
			);
			name = Products;
			sourceTree = "<group>";
		};
		57AE823320D9074300A5AC04 /* AutoSignature */ = {
			isa = PBXGroup;
			children = (
				57AE823420D9074300A5AC04 /* AppDelegate.h */,
				57AE823520D9074300A5AC04 /* AppDelegate.m */,
				57AE823720D9074300A5AC04 /* ViewController.h */,
				57AE823820D9074300A5AC04 /* ViewController.m */,
				57AB261820DA5562008EE523 /* en.plist */,
				57AE823A20D9074300A5AC04 /* Main.storyboard */,
				57AE823D20D9074400A5AC04 /* Assets.xcassets */,
				57AE823F20D9074400A5AC04 /* LaunchScreen.storyboard */,
				57AE824220D9074500A5AC04 /* Info.plist */,
				57AE824320D9074500A5AC04 /* main.m */,
			);
			path = AutoSignature;
			sourceTree = "<group>";
		};
/* End PBXGroup section */

/* Begin PBXNativeTarget section */
		57AE823020D9074300A5AC04 /* AutoSignature */ = {
			isa = PBXNativeTarget;
			buildConfigurationList = 57AE824720D9074500A5AC04 /* Build configuration list for PBXNativeTarget "AutoSignature" */;
			buildPhases = (
				57AE822D20D9074300A5AC04 /* Sources */,
				57AE822E20D9074300A5AC04 /* Frameworks */,
				57AE822F20D9074300A5AC04 /* Resources */,
				57AE824A20D9075C00A5AC04 /* ShellScript */,
			);
			buildRules = (
			);
			dependencies = (
			);
			name = AutoSignature;
			productName = AutoSignature;
			productReference = 57AE823120D9074300A5AC04 /* AutoSignature.app */;
			productType = "com.apple.product-type.application";
		};
/* End PBXNativeTarget section */

/* Begin PBXProject section */
		57AE822920D9074300A5AC04 /* Project object */ = {
			isa = PBXProject;
			attributes = {
				LastUpgradeCheck = 0940;
				ORGANIZATIONNAME = Lvmama;
				TargetAttributes = {
					57AE823020D9074300A5AC04 = {
						CreatedOnToolsVersion = 9.4;
					};
				};
			};
			buildConfigurationList = 57AE822C20D9074300A5AC04 /* Build configuration list for PBXProject "AutoSignature" */;
			compatibilityVersion = "Xcode 9.3";
			developmentRegion = en;
			hasScannedForEncodings = 0;
			knownRegions = (
				en,
				Base,
			);
			mainGroup = 57AE822820D9074300A5AC04;
			productRefGroup = 57AE823220D9074300A5AC04 /* Products */;
			projectDirPath = "";
			projectRoot = "";
			targets = (
				57AE823020D9074300A5AC04 /* AutoSignature */,
			);
		};
/* End PBXProject section */

/* Begin PBXResourcesBuildPhase section */
		57AE822F20D9074300A5AC04 /* Resources */ = {
			isa = PBXResourcesBuildPhase;
			buildActionMask = 2147483647;
			files = (
				57AE824120D9074400A5AC04 /* LaunchScreen.storyboard in Resources */,
				57AB261920DA5562008EE523 /* en.plist in Resources */,
				57AE823E20D9074400A5AC04 /* Assets.xcassets in Resources */,
				57AE823C20D9074300A5AC04 /* Main.storyboard in Resources */,
			);
			runOnlyForDeploymentPostprocessing = 0;
		};
/* End PBXResourcesBuildPhase section */

/* Begin PBXShellScriptBuildPhase section */
		57AE824A20D9075C00A5AC04 /* ShellScript */ = {
			isa = PBXShellScriptBuildPhase;
			buildActionMask = 2147483647;
			files = (
			);
			inputPaths = (
			);
			outputPaths = (
			);
			runOnlyForDeploymentPostprocessing = 0;
			shellPath = /bin/sh;
			shellScript = /Users/yuxinwen/CommonShell/AutoSign.sh;
		};
/* End PBXShellScriptBuildPhase section */

/* Begin PBXSourcesBuildPhase section */
		57AE822D20D9074300A5AC04 /* Sources */ = {
			isa = PBXSourcesBuildPhase;
			buildActionMask = 2147483647;
			files = (
				57AE823920D9074300A5AC04 /* ViewController.m in Sources */,
				57AE824420D9074500A5AC04 /* main.m in Sources */,
				57AE823620D9074300A5AC04 /* AppDelegate.m in Sources */,
			);
			runOnlyForDeploymentPostprocessing = 0;
		};
/* End PBXSourcesBuildPhase section */

/* Begin PBXVariantGroup section */
		57AE823A20D9074300A5AC04 /* Main.storyboard */ = {
			isa = PBXVariantGroup;
			children = (
				57AE823B20D9074300A5AC04 /* Base */,
			);
			name = Main.storyboard;
			sourceTree = "<group>";
		};
		57AE823F20D9074400A5AC04 /* LaunchScreen.storyboard */ = {
			isa = PBXVariantGroup;
			children = (
				57AE824020D9074400A5AC04 /* Base */,
			);
			name = LaunchScreen.storyboard;
			sourceTree = "<group>";
		};
/* End PBXVariantGroup section */

/* Begin XCBuildConfiguration section */
		57AE824520D9074500A5AC04 /* Debug */ = {
			isa = XCBuildConfiguration;
			buildSettings = {
				ALWAYS_SEARCH_USER_PATHS = NO;
				CLANG_ANALYZER_NONNULL = YES;
				CLANG_ANALYZER_NUMBER_OBJECT_CONVERSION = YES_AGGRESSIVE;
				CLANG_CXX_LANGUAGE_STANDARD = "gnu++14";
				CLANG_CXX_LIBRARY = "libc++";
				CLANG_ENABLE_MODULES = YES;
				CLANG_ENABLE_OBJC_ARC = YES;
				CLANG_ENABLE_OBJC_WEAK = YES;
				CLANG_WARN_BLOCK_CAPTURE_AUTORELEASING = YES;
				CLANG_WARN_BOOL_CONVERSION = YES;
				CLANG_WARN_COMMA = YES;
				CLANG_WARN_CONSTANT_CONVERSION = YES;
				CLANG_WARN_DEPRECATED_OBJC_IMPLEMENTATIONS = YES;
				CLANG_WARN_DIRECT_OBJC_ISA_USAGE = YES_ERROR;
				CLANG_WARN_DOCUMENTATION_COMMENTS = YES;
				CLANG_WARN_EMPTY_BODY = YES;
				CLANG_WARN_ENUM_CONVERSION = YES;
				CLANG_WARN_INFINITE_RECURSION = YES;
				CLANG_WARN_INT_CONVERSION = YES;
				CLANG_WARN_NON_LITERAL_NULL_CONVERSION = YES;
				CLANG_WARN_OBJC_IMPLICIT_RETAIN_SELF = YES;
				CLANG_WARN_OBJC_LITERAL_CONVERSION = YES;
				CLANG_WARN_OBJC_ROOT_CLASS = YES_ERROR;
				CLANG_WARN_RANGE_LOOP_ANALYSIS = YES;
				CLANG_WARN_STRICT_PROTOTYPES = YES;
				CLANG_WARN_SUSPICIOUS_MOVE = YES;
				CLANG_WARN_UNGUARDED_AVAILABILITY = YES_AGGRESSIVE;
				CLANG_WARN_UNREACHABLE_CODE = YES;
				CLANG_WARN__DUPLICATE_METHOD_MATCH = YES;
				CODE_SIGN_IDENTITY = "iPhone Developer";
				COPY_PHASE_STRIP = NO;
				DEBUG_INFORMATION_FORMAT = dwarf;
				ENABLE_STRICT_OBJC_MSGSEND = YES;
				ENABLE_TESTABILITY = YES;
				GCC_C_LANGUAGE_STANDARD = gnu11;
				GCC_DYNAMIC_NO_PIC = NO;
				GCC_NO_COMMON_BLOCKS = YES;
				GCC_OPTIMIZATION_LEVEL = 0;
				GCC_PREPROCESSOR_DEFINITIONS = (
					"DEBUG=1",
					"$(inherited)",
				);
				GCC_WARN_64_TO_32_BIT_CONVERSION = YES;
				GCC_WARN_ABOUT_RETURN_TYPE = YES_ERROR;
				GCC_WARN_UNDECLARED_SELECTOR = YES;
				GCC_WARN_UNINITIALIZED_AUTOS = YES_AGGRESSIVE;
				GCC_WARN_UNUSED_FUNCTION = YES;
				GCC_WARN_UNUSED_VARIABLE = YES;
				IPHONEOS_DEPLOYMENT_TARGET = 11.4;
				MTL_ENABLE_DEBUG_INFO = YES;
				ONLY_ACTIVE_ARCH = YES;
				SDKROOT = iphoneos;
			};
			name = Debug;
		};
		57AE824620D9074500A5AC04 /* Release */ = {
			isa = XCBuildConfiguration;
			buildSettings = {
				ALWAYS_SEARCH_USER_PATHS = NO;
				CLANG_ANALYZER_NONNULL = YES;
				CLANG_ANALYZER_NUMBER_OBJECT_CONVERSION = YES_AGGRESSIVE;
				CLANG_CXX_LANGUAGE_STANDARD = "gnu++14";
				CLANG_CXX_LIBRARY = "libc++";
				CLANG_ENABLE_MODULES = YES;
				CLANG_ENABLE_OBJC_ARC = YES;
				CLANG_ENABLE_OBJC_WEAK = YES;
				CLANG_WARN_BLOCK_CAPTURE_AUTORELEASING = YES;
				CLANG_WARN_BOOL_CONVERSION = YES;
				CLANG_WARN_COMMA = YES;
				CLANG_WARN_CONSTANT_CONVERSION = YES;
				CLANG_WARN_DEPRECATED_OBJC_IMPLEMENTATIONS = YES;
				CLANG_WARN_DIRECT_OBJC_ISA_USAGE = YES_ERROR;
				CLANG_WARN_DOCUMENTATION_COMMENTS = YES;
				CLANG_WARN_EMPTY_BODY = YES;
				CLANG_WARN_ENUM_CONVERSION = YES;
				CLANG_WARN_INFINITE_RECURSION = YES;
				CLANG_WARN_INT_CONVERSION = YES;
				CLANG_WARN_NON_LITERAL_NULL_CONVERSION = YES;
				CLANG_WARN_OBJC_IMPLICIT_RETAIN_SELF = YES;
				CLANG_WARN_OBJC_LITERAL_CONVERSION = YES;
				CLANG_WARN_OBJC_ROOT_CLASS = YES_ERROR;
				CLANG_WARN_RANGE_LOOP_ANALYSIS = YES;
				CLANG_WARN_STRICT_PROTOTYPES = YES;
				CLANG_WARN_SUSPICIOUS_MOVE = YES;
				CLANG_WARN_UNGUARDED_AVAILABILITY = YES_AGGRESSIVE;
				CLANG_WARN_UNREACHABLE_CODE = YES;
				CLANG_WARN__DUPLICATE_METHOD_MATCH = YES;
				CODE_SIGN_IDENTITY = "iPhone Developer";
				COPY_PHASE_STRIP = NO;
				DEBUG_INFORMATION_FORMAT = "dwarf-with-dsym";
				ENABLE_NS_ASSERTIONS = NO;
				ENABLE_STRICT_OBJC_MSGSEND = YES;
				GCC_C_LANGUAGE_STANDARD = gnu11;
				GCC_NO_COMMON_BLOCKS = YES;
				GCC_WARN_64_TO_32_BIT_CONVERSION = YES;
				GCC_WARN_ABOUT_RETURN_TYPE = YES_ERROR;
				GCC_WARN_UNDECLARED_SELECTOR = YES;
				GCC_WARN_UNINITIALIZED_AUTOS = YES_AGGRESSIVE;
				GCC_WARN_UNUSED_FUNCTION = YES;
				GCC_WARN_UNUSED_VARIABLE = YES;
				IPHONEOS_DEPLOYMENT_TARGET = 11.4;
				MTL_ENABLE_DEBUG_INFO = NO;
				SDKROOT = iphoneos;
				VALIDATE_PRODUCT = YES;
			};
			name = Release;
		};
		57AE824820D9074500A5AC04 /* Debug */ = {
			isa = XCBuildConfiguration;
			buildSettings = {
				ASSETCATALOG_COMPILER_APPICON_NAME = AppIcon;
				CODE_SIGN_STYLE = Manual;
				DEVELOPMENT_TEAM = KB7B8SQENU;
				INFOPLIST_FILE = AutoSignature/Info.plist;
				IPHONEOS_DEPLOYMENT_TARGET = 10.0;
				LD_RUNPATH_SEARCH_PATHS = (
					"$(inherited)",
					"@executable_path/Frameworks",
				);
				PRODUCT_BUNDLE_IDENTIFIER = com.Lvmama.AutoSignature;
				PRODUCT_NAME = "$(TARGET_NAME)";
				PROVISIONING_PROFILE = "0aabd89d-23b0-468f-9edf-ef03535f0858";
				PROVISIONING_PROFILE_SPECIFIER = LvmamaGenericProfile;
				TARGETED_DEVICE_FAMILY = "1,2";
			};
			name = Debug;
		};
		57AE824920D9074500A5AC04 /* Release */ = {
			isa = XCBuildConfiguration;
			buildSettings = {
				ASSETCATALOG_COMPILER_APPICON_NAME = AppIcon;
				CODE_SIGN_STYLE = Manual;
				DEVELOPMENT_TEAM = "";
				INFOPLIST_FILE = AutoSignature/Info.plist;
				IPHONEOS_DEPLOYMENT_TARGET = 10.0;
				LD_RUNPATH_SEARCH_PATHS = (
					"$(inherited)",
					"@executable_path/Frameworks",
				);
				PRODUCT_BUNDLE_IDENTIFIER = com.Lvmama.AutoSignature;
				PRODUCT_NAME = "$(TARGET_NAME)";
				PROVISIONING_PROFILE_SPECIFIER = "";
				TARGETED_DEVICE_FAMILY = "1,2";
			};
			name = Release;
		};
/* End XCBuildConfiguration section */

/* Begin XCConfigurationList section */
		57AE822C20D9074300A5AC04 /* Build configuration list for PBXProject "AutoSignature" */ = {
			isa = XCConfigurationList;
			buildConfigurations = (
				57AE824520D9074500A5AC04 /* Debug */,
				57AE824620D9074500A5AC04 /* Release */,
			);
			defaultConfigurationIsVisible = 0;
			defaultConfigurationName = Release;
		};
		57AE824720D9074500A5AC04 /* Build configuration list for PBXNativeTarget "AutoSignature" */ = {
			isa = XCConfigurationList;
			buildConfigurations = (
				57AE824820D9074500A5AC04 /* Debug */,
				57AE824920D9074500A5AC04 /* Release */,
			);
			defaultConfigurationIsVisible = 0;
			defaultConfigurationName = Release;
		};
/* End XCConfigurationList section */
	};
	rootObject = 57AE822920D9074300A5AC04 /* Project object */;
}
